
Microsoft Visual Studio Solution File, Format Version 12.00
# Visual Studio Version 16
VisualStudioVersion = 16.0.31515.178
MinimumVisualStudioVersion = 10.0.40219.1
Project("{8BC9CEB8-8B4A-11D0-8D11-00A0C91BC942}") = "raytracer", "raytracer.vcxproj", "{29A42F1B-6EFD-46AB-8E46-A3F622B87390}"
EndProject
Project("{8BC9CEB8-8B4A-11D0-8D11-00A0C91BC942}") = "TestProject", "..\..\tests\MicrosoftUnitTestingFrameWork\TestProject.vcxproj", "{148A2A96-3153-4BE0-B3B9-097E959FC1DF}"
EndProject
Global
	GlobalSection(SolutionConfigurationPlatforms) = preSolution
		Debug|x64 = Debug|x64
		Debug|x86 = Debug|x86
		Release|x64 = Release|x64
		Release|x86 = Release|x86
	EndGlobalSection
	GlobalSection(ProjectConfigurationPlatforms) = postSolution
		{29A42F1B-6EFD-46AB-8E46-A3F622B87390}.Debug|x64.ActiveCfg = Debug|x64
		{29A42F1B-6EFD-46AB-8E46-A3F622B87390}.Debug|x64.Build.0 = Debug|x64
		{29A42F1B-6EFD-46AB-8E46-A3F622B87390}.Debug|x86.ActiveCfg = Debug|Win32
		{29A42F1B-6EFD-46AB-8E46-A3F622B87390}.Debug|x86.Build.0 = Debug|Win32
		{29A42F1B-6EFD-46AB-8E46-A3F622B87390}.Release|x64.ActiveCfg = Release|x64
		{29A42F1B-6EFD-46AB-8E46-A3F622B87390}.Release|x64.Build.0 = Release|x64
		{29A42F1B-6EFD-46AB-8E46-A3F622B87390}.Release|x86.ActiveCfg = Release|Win32
		{29A42F1B-6EFD-46AB-8E46-A3F622B87390}.Release|x86.Build.0 = Release|Win32
		{148A2A96-3153-4BE0-B3B9-097E959FC1DF}.Debug|x64.ActiveCfg = Debug|x64
		{148A2A96-3153-4BE0-B3B9-097E959FC1DF}.Debug|x64.Build.0 = Debug|x64
		{148A2A96-3153-4BE0-B3B9-097E959FC1DF}.Debug|x86.ActiveCfg = Debug|Win32
		{148A2A96-3153-4BE0-B3B9-097E959FC1DF}.Debug|x86.Build.0 = Debug|Win32
		{148A2A96-3153-4BE0-B3B9-097E959FC1DF}.Release|x64.ActiveCfg = Release|x64
		{148A2A96-3153-4BE0-B3B9-097E959FC1DF}.Release|x64.Build.0 = Release|x64
		{148A2A96-3153-4BE0-B3B9-097E959FC1DF}.Release|x86.ActiveCfg = Release|Win32
		{148A2A96-3153-4BE0-B3B9-097E959FC1DF}.Release|x86.Build.0 = Release|Win32
	EndGlobalSection
	GlobalSection(SolutionProperties) = preSolution
		HideSolutionNode = FALSE
	EndGlobalSection
	GlobalSection(ExtensibilityGlobals) = postSolution
		SolutionGuid = {861AE089-5CDF-4685-92B1-56164BE0FDB8}
	EndGlobalSection
EndGlobal
